
Microsoft Visual Studio Solution File, Format Version 12.00
# Visual Studio Version 17
VisualStudioVersion = 17.14.36616.10 d17.14
MinimumVisualStudioVersion = 10.0.40219.1
Project("{FAE04EC0-301F-11D3-BF4B-00C04F79EFBC}") = "Assecor.Backend.Api", "Assecor.Backend.Api\Assecor.Backend.Api.csproj", "{F8E45744-E1C6-49AB-95F0-2C63C1A575D4}"
EndProject
Project("{FAE04EC0-301F-11D3-BF4B-00C04F79EFBC}") = "Assecor.Backend.Domain", "Assecor.Backend.Domain\Assecor.Backend.Domain.csproj", "{C9DC723B-DA4F-4EB7-BE35-37F4DA632ADE}"
EndProject
Project("{FAE04EC0-301F-11D3-BF4B-00C04F79EFBC}") = "Assecor.Backend.Dal", "Assecor.Backend.Dal\Assecor.Backend.Dal.csproj", "{06791234-8717-4626-A6CA-171C7882E8C6}"
EndProject
Project("{FAE04EC0-301F-11D3-BF4B-00C04F79EFBC}") = "Assecor.Backend.Dal.Contracts", "Assecor.Backend.Dal.Contracts\Assecor.Backend.Dal.Contracts.csproj", "{14EA62A9-FCF7-472D-9340-BB0244ED3FCE}"
EndProject
Project("{FAE04EC0-301F-11D3-BF4B-00C04F79EFBC}") = "Assecor.Backend.Dal.IoC", "Assecor.Backend.Dal.IoC\Assecor.Backend.Dal.IoC.csproj", "{CD05C2D5-ACA9-4E9B-B84D-EA3623571382}"
EndProject
Global
	GlobalSection(SolutionConfigurationPlatforms) = preSolution
		Debug|Any CPU = Debug|Any CPU
		Release|Any CPU = Release|Any CPU
	EndGlobalSection
	GlobalSection(ProjectConfigurationPlatforms) = postSolution
		{F8E45744-E1C6-49AB-95F0-2C63C1A575D4}.Debug|Any CPU.ActiveCfg = Debug|Any CPU
		{F8E45744-E1C6-49AB-95F0-2C63C1A575D4}.Debug|Any CPU.Build.0 = Debug|Any CPU
		{F8E45744-E1C6-49AB-95F0-2C63C1A575D4}.Release|Any CPU.ActiveCfg = Release|Any CPU
		{F8E45744-E1C6-49AB-95F0-2C63C1A575D4}.Release|Any CPU.Build.0 = Release|Any CPU
		{C9DC723B-DA4F-4EB7-BE35-37F4DA632ADE}.Debug|Any CPU.ActiveCfg = Debug|Any CPU
		{C9DC723B-DA4F-4EB7-BE35-37F4DA632ADE}.Debug|Any CPU.Build.0 = Debug|Any CPU
		{C9DC723B-DA4F-4EB7-BE35-37F4DA632ADE}.Release|Any CPU.ActiveCfg = Release|Any CPU
		{C9DC723B-DA4F-4EB7-BE35-37F4DA632ADE}.Release|Any CPU.Build.0 = Release|Any CPU
		{06791234-8717-4626-A6CA-171C7882E8C6}.Debug|Any CPU.ActiveCfg = Debug|Any CPU
		{06791234-8717-4626-A6CA-171C7882E8C6}.Debug|Any CPU.Build.0 = Debug|Any CPU
		{06791234-8717-4626-A6CA-171C7882E8C6}.Release|Any CPU.ActiveCfg = Release|Any CPU
		{06791234-8717-4626-A6CA-171C7882E8C6}.Release|Any CPU.Build.0 = Release|Any CPU
		{14EA62A9-FCF7-472D-9340-BB0244ED3FCE}.Debug|Any CPU.ActiveCfg = Debug|Any CPU
		{14EA62A9-FCF7-472D-9340-BB0244ED3FCE}.Debug|Any CPU.Build.0 = Debug|Any CPU
		{14EA62A9-FCF7-472D-9340-BB0244ED3FCE}.Release|Any CPU.ActiveCfg = Release|Any CPU
		{14EA62A9-FCF7-472D-9340-BB0244ED3FCE}.Release|Any CPU.Build.0 = Release|Any CPU
		{CD05C2D5-ACA9-4E9B-B84D-EA3623571382}.Debug|Any CPU.ActiveCfg = Debug|Any CPU
		{CD05C2D5-ACA9-4E9B-B84D-EA3623571382}.Debug|Any CPU.Build.0 = Debug|Any CPU
		{CD05C2D5-ACA9-4E9B-B84D-EA3623571382}.Release|Any CPU.ActiveCfg = Release|Any CPU
		{CD05C2D5-ACA9-4E9B-B84D-EA3623571382}.Release|Any CPU.Build.0 = Release|Any CPU
	EndGlobalSection
	GlobalSection(SolutionProperties) = preSolution
		HideSolutionNode = FALSE
	EndGlobalSection
	GlobalSection(ExtensibilityGlobals) = postSolution
		SolutionGuid = {7D297FAD-F1FE-4B3C-9852-4B119150C12B}
	EndGlobalSection
EndGlobal
